
Microsoft Visual Studio Solution File, Format Version 12.00
# Visual Studio 15
VisualStudioVersion = 15.0.27130.2027
MinimumVisualStudioVersion = 10.0.40219.1
Project("{FAE04EC0-301F-11D3-BF4B-00C04F79EFBC}") = "ClassroomAssignment", "ClassroomAssignment\ClassroomAssignment.csproj", "{D23C5740-BB33-4906-B7C9-4B57DCE41686}"
EndProject
Project("{FAE04EC0-301F-11D3-BF4B-00C04F79EFBC}") = "UnitTestProject", "UnitTestProject\UnitTestProject.csproj", "{17CB1484-895B-4B24-96C9-E2EE73949C0E}"
EndProject
Global
	GlobalSection(SolutionConfigurationPlatforms) = preSolution
		Debug|Any CPU = Debug|Any CPU
		Release|Any CPU = Release|Any CPU
	EndGlobalSection
	GlobalSection(ProjectConfigurationPlatforms) = postSolution
		{D23C5740-BB33-4906-B7C9-4B57DCE41686}.Debug|Any CPU.ActiveCfg = Debug|Any CPU
		{D23C5740-BB33-4906-B7C9-4B57DCE41686}.Debug|Any CPU.Build.0 = Debug|Any CPU
		{D23C5740-BB33-4906-B7C9-4B57DCE41686}.Release|Any CPU.ActiveCfg = Release|Any CPU
		{D23C5740-BB33-4906-B7C9-4B57DCE41686}.Release|Any CPU.Build.0 = Release|Any CPU
		{17CB1484-895B-4B24-96C9-E2EE73949C0E}.Debug|Any CPU.ActiveCfg = Debug|Any CPU
		{17CB1484-895B-4B24-96C9-E2EE73949C0E}.Debug|Any CPU.Build.0 = Debug|Any CPU
		{17CB1484-895B-4B24-96C9-E2EE73949C0E}.Release|Any CPU.ActiveCfg = Release|Any CPU
		{17CB1484-895B-4B24-96C9-E2EE73949C0E}.Release|Any CPU.Build.0 = Release|Any CPU
	EndGlobalSection
	GlobalSection(SolutionProperties) = preSolution
		HideSolutionNode = FALSE
	EndGlobalSection
	GlobalSection(ExtensibilityGlobals) = postSolution
		SolutionGuid = {4CABEACF-988F-4410-BB0A-B2E2A60829CC}
	EndGlobalSection
EndGlobal
